// !$*UTF8*$!
{
	archiveVersion = 1;
	classes = {
	};
	objectVersion = 56;
	objects = {

/* Begin PBXBuildFile section */
		1F9F9BAF2CCFB88000251B16 /* SwiftUI_TDD_StudyApp.swift in Sources */ = {isa = PBXBuildFile; fileRef = 1F9F9BAE2CCFB88000251B16 /* SwiftUI_TDD_StudyApp.swift */; };
		1F9F9BB12CCFB88000251B16 /* ContentView.swift in Sources */ = {isa = PBXBuildFile; fileRef = 1F9F9BB02CCFB88000251B16 /* ContentView.swift */; };
		1F9F9BB32CCFB88100251B16 /* Assets.xcassets in Resources */ = {isa = PBXBuildFile; fileRef = 1F9F9BB22CCFB88100251B16 /* Assets.xcassets */; };
		1F9F9BB62CCFB88100251B16 /* Preview Assets.xcassets in Resources */ = {isa = PBXBuildFile; fileRef = 1F9F9BB52CCFB88100251B16 /* Preview Assets.xcassets */; };
		1F9F9BC32CCFB9BC00251B16 /* Unit_Test.swift in Sources */ = {isa = PBXBuildFile; fileRef = 1F9F9BC22CCFB9BC00251B16 /* Unit_Test.swift */; };
		1F9F9BCB2CCFBB4100251B16 /* TipCalculator.swift in Sources */ = {isa = PBXBuildFile; fileRef = 1F9F9BCA2CCFBB4100251B16 /* TipCalculator.swift */; };
		1F9F9BCC2CCFBB4C00251B16 /* TipCalculator.swift in Sources */ = {isa = PBXBuildFile; fileRef = 1F9F9BCA2CCFBB4100251B16 /* TipCalculator.swift */; };
		1F9F9BD62CD11D0C00251B16 /* ui_tests.swift in Sources */ = {isa = PBXBuildFile; fileRef = 1F9F9BD52CD11D0C00251B16 /* ui_tests.swift */; };
		1F9F9BD82CD11D0C00251B16 /* ui_testsLaunchTests.swift in Sources */ = {isa = PBXBuildFile; fileRef = 1F9F9BD72CD11D0C00251B16 /* ui_testsLaunchTests.swift */; };
/* End PBXBuildFile section */

/* Begin PBXContainerItemProxy section */
		1F9F9BC42CCFB9BC00251B16 /* PBXContainerItemProxy */ = {
			isa = PBXContainerItemProxy;
			containerPortal = 1F9F9BA32CCFB88000251B16 /* Project object */;
			proxyType = 1;
			remoteGlobalIDString = 1F9F9BAA2CCFB88000251B16;
			remoteInfo = "SwiftUI-TDD-Study";
		};
		1F9F9BD92CD11D0C00251B16 /* PBXContainerItemProxy */ = {
			isa = PBXContainerItemProxy;
			containerPortal = 1F9F9BA32CCFB88000251B16 /* Project object */;
			proxyType = 1;
			remoteGlobalIDString = 1F9F9BAA2CCFB88000251B16;
			remoteInfo = "SwiftUI-TDD-Study";
		};
/* End PBXContainerItemProxy section */

/* Begin PBXFileReference section */
		1F9F9BAB2CCFB88000251B16 /* SwiftUI-TDD-Study.app */ = {isa = PBXFileReference; explicitFileType = wrapper.application; includeInIndex = 0; path = "SwiftUI-TDD-Study.app"; sourceTree = BUILT_PRODUCTS_DIR; };
		1F9F9BAE2CCFB88000251B16 /* SwiftUI_TDD_StudyApp.swift */ = {isa = PBXFileReference; lastKnownFileType = sourcecode.swift; path = SwiftUI_TDD_StudyApp.swift; sourceTree = "<group>"; };
		1F9F9BB02CCFB88000251B16 /* ContentView.swift */ = {isa = PBXFileReference; lastKnownFileType = sourcecode.swift; path = ContentView.swift; sourceTree = "<group>"; };
		1F9F9BB22CCFB88100251B16 /* Assets.xcassets */ = {isa = PBXFileReference; lastKnownFileType = folder.assetcatalog; path = Assets.xcassets; sourceTree = "<group>"; };
		1F9F9BB52CCFB88100251B16 /* Preview Assets.xcassets */ = {isa = PBXFileReference; lastKnownFileType = folder.assetcatalog; path = "Preview Assets.xcassets"; sourceTree = "<group>"; };
		1F9F9BC02CCFB9BC00251B16 /* unit-test.xctest */ = {isa = PBXFileReference; explicitFileType = wrapper.cfbundle; includeInIndex = 0; path = "unit-test.xctest"; sourceTree = BUILT_PRODUCTS_DIR; };
		1F9F9BC22CCFB9BC00251B16 /* Unit_Test.swift */ = {isa = PBXFileReference; lastKnownFileType = sourcecode.swift; path = Unit_Test.swift; sourceTree = "<group>"; };
		1F9F9BCA2CCFBB4100251B16 /* TipCalculator.swift */ = {isa = PBXFileReference; lastKnownFileType = sourcecode.swift; path = TipCalculator.swift; sourceTree = "<group>"; };
		1F9F9BCE2CCFBE0500251B16 /* README.md */ = {isa = PBXFileReference; lastKnownFileType = net.daringfireball.markdown; path = README.md; sourceTree = "<group>"; };
		1F9F9BD32CD11D0C00251B16 /* ui-tests.xctest */ = {isa = PBXFileReference; explicitFileType = wrapper.cfbundle; includeInIndex = 0; path = "ui-tests.xctest"; sourceTree = BUILT_PRODUCTS_DIR; };
		1F9F9BD52CD11D0C00251B16 /* ui_tests.swift */ = {isa = PBXFileReference; lastKnownFileType = sourcecode.swift; path = ui_tests.swift; sourceTree = "<group>"; };
		1F9F9BD72CD11D0C00251B16 /* ui_testsLaunchTests.swift */ = {isa = PBXFileReference; lastKnownFileType = sourcecode.swift; path = ui_testsLaunchTests.swift; sourceTree = "<group>"; };
/* End PBXFileReference section */

/* Begin PBXFrameworksBuildPhase section */
		1F9F9BA82CCFB88000251B16 /* Frameworks */ = {
			isa = PBXFrameworksBuildPhase;
			buildActionMask = 2147483647;
			files = (
			);
			runOnlyForDeploymentPostprocessing = 0;
		};
		1F9F9BBD2CCFB9BC00251B16 /* Frameworks */ = {
			isa = PBXFrameworksBuildPhase;
			buildActionMask = 2147483647;
			files = (
			);
			runOnlyForDeploymentPostprocessing = 0;
		};
		1F9F9BD02CD11D0C00251B16 /* Frameworks */ = {
			isa = PBXFrameworksBuildPhase;
			buildActionMask = 2147483647;
			files = (
			);
			runOnlyForDeploymentPostprocessing = 0;
		};
/* End PBXFrameworksBuildPhase section */

/* Begin PBXGroup section */
		1F9F9BA22CCFB88000251B16 = {
			isa = PBXGroup;
			children = (
				1F9F9BCE2CCFBE0500251B16 /* README.md */,
				1F9F9BAD2CCFB88000251B16 /* SwiftUI-TDD-Study */,
				1F9F9BC12CCFB9BC00251B16 /* unit-test */,
				1F9F9BD42CD11D0C00251B16 /* ui-tests */,
				1F9F9BAC2CCFB88000251B16 /* Products */,
			);
			sourceTree = "<group>";
		};
		1F9F9BAC2CCFB88000251B16 /* Products */ = {
			isa = PBXGroup;
			children = (
				1F9F9BAB2CCFB88000251B16 /* SwiftUI-TDD-Study.app */,
				1F9F9BC02CCFB9BC00251B16 /* unit-test.xctest */,
				1F9F9BD32CD11D0C00251B16 /* ui-tests.xctest */,
			);
			name = Products;
			sourceTree = "<group>";
		};
		1F9F9BAD2CCFB88000251B16 /* SwiftUI-TDD-Study */ = {
			isa = PBXGroup;
			children = (
				1F9F9BC92CCFBB3100251B16 /* Models */,
				1F9F9BAE2CCFB88000251B16 /* SwiftUI_TDD_StudyApp.swift */,
				1F9F9BB02CCFB88000251B16 /* ContentView.swift */,
				1F9F9BB22CCFB88100251B16 /* Assets.xcassets */,
				1F9F9BB42CCFB88100251B16 /* Preview Content */,
			);
			path = "SwiftUI-TDD-Study";
			sourceTree = "<group>";
		};
		1F9F9BB42CCFB88100251B16 /* Preview Content */ = {
			isa = PBXGroup;
			children = (
				1F9F9BB52CCFB88100251B16 /* Preview Assets.xcassets */,
			);
			path = "Preview Content";
			sourceTree = "<group>";
		};
		1F9F9BC12CCFB9BC00251B16 /* unit-test */ = {
			isa = PBXGroup;
			children = (
				1F9F9BC22CCFB9BC00251B16 /* Unit_Test.swift */,
			);
			path = "unit-test";
			sourceTree = "<group>";
		};
		1F9F9BC92CCFBB3100251B16 /* Models */ = {
			isa = PBXGroup;
			children = (
				1F9F9BCA2CCFBB4100251B16 /* TipCalculator.swift */,
			);
			path = Models;
			sourceTree = "<group>";
		};
		1F9F9BD42CD11D0C00251B16 /* ui-tests */ = {
			isa = PBXGroup;
			children = (
				1F9F9BD52CD11D0C00251B16 /* ui_tests.swift */,
				1F9F9BD72CD11D0C00251B16 /* ui_testsLaunchTests.swift */,
			);
			path = "ui-tests";
			sourceTree = "<group>";
		};
/* End PBXGroup section */

/* Begin PBXNativeTarget section */
		1F9F9BAA2CCFB88000251B16 /* SwiftUI-TDD-Study */ = {
			isa = PBXNativeTarget;
			buildConfigurationList = 1F9F9BB92CCFB88100251B16 /* Build configuration list for PBXNativeTarget "SwiftUI-TDD-Study" */;
			buildPhases = (
				1F9F9BA72CCFB88000251B16 /* Sources */,
				1F9F9BA82CCFB88000251B16 /* Frameworks */,
				1F9F9BA92CCFB88000251B16 /* Resources */,
			);
			buildRules = (
			);
			dependencies = (
			);
			name = "SwiftUI-TDD-Study";
			productName = "SwiftUI-TDD-Study";
			productReference = 1F9F9BAB2CCFB88000251B16 /* SwiftUI-TDD-Study.app */;
			productType = "com.apple.product-type.application";
		};
		1F9F9BBF2CCFB9BC00251B16 /* unit-test */ = {
			isa = PBXNativeTarget;
			buildConfigurationList = 1F9F9BC62CCFB9BC00251B16 /* Build configuration list for PBXNativeTarget "unit-test" */;
			buildPhases = (
				1F9F9BBC2CCFB9BC00251B16 /* Sources */,
				1F9F9BBD2CCFB9BC00251B16 /* Frameworks */,
				1F9F9BBE2CCFB9BC00251B16 /* Resources */,
			);
			buildRules = (
			);
			dependencies = (
				1F9F9BC52CCFB9BC00251B16 /* PBXTargetDependency */,
			);
			name = "unit-test";
			productName = "unit-test";
			productReference = 1F9F9BC02CCFB9BC00251B16 /* unit-test.xctest */;
			productType = "com.apple.product-type.bundle.unit-test";
		};
		1F9F9BD22CD11D0C00251B16 /* ui-tests */ = {
			isa = PBXNativeTarget;
			buildConfigurationList = 1F9F9BDB2CD11D0C00251B16 /* Build configuration list for PBXNativeTarget "ui-tests" */;
			buildPhases = (
				1F9F9BCF2CD11D0C00251B16 /* Sources */,
				1F9F9BD02CD11D0C00251B16 /* Frameworks */,
				1F9F9BD12CD11D0C00251B16 /* Resources */,
			);
			buildRules = (
			);
			dependencies = (
				1F9F9BDA2CD11D0C00251B16 /* PBXTargetDependency */,
			);
			name = "ui-tests";
			productName = "ui-tests";
			productReference = 1F9F9BD32CD11D0C00251B16 /* ui-tests.xctest */;
			productType = "com.apple.product-type.bundle.ui-testing";
		};
/* End PBXNativeTarget section */

/* Begin PBXProject section */
		1F9F9BA32CCFB88000251B16 /* Project object */ = {
			isa = PBXProject;
			attributes = {
				BuildIndependentTargetsInParallel = 1;
				LastSwiftUpdateCheck = 1540;
				LastUpgradeCheck = 1540;
				TargetAttributes = {
					1F9F9BAA2CCFB88000251B16 = {
						CreatedOnToolsVersion = 15.4;
					};
					1F9F9BBF2CCFB9BC00251B16 = {
						CreatedOnToolsVersion = 15.4;
						TestTargetID = 1F9F9BAA2CCFB88000251B16;
					};
					1F9F9BD22CD11D0C00251B16 = {
						CreatedOnToolsVersion = 15.4;
						TestTargetID = 1F9F9BAA2CCFB88000251B16;
					};
				};
			};
			buildConfigurationList = 1F9F9BA62CCFB88000251B16 /* Build configuration list for PBXProject "SwiftUI-TDD-Study" */;
			compatibilityVersion = "Xcode 14.0";
			developmentRegion = en;
			hasScannedForEncodings = 0;
			knownRegions = (
				en,
				Base,
			);
			mainGroup = 1F9F9BA22CCFB88000251B16;
			productRefGroup = 1F9F9BAC2CCFB88000251B16 /* Products */;
			projectDirPath = "";
			projectRoot = "";
			targets = (
				1F9F9BAA2CCFB88000251B16 /* SwiftUI-TDD-Study */,
				1F9F9BBF2CCFB9BC00251B16 /* unit-test */,
				1F9F9BD22CD11D0C00251B16 /* ui-tests */,
			);
		};
/* End PBXProject section */

/* Begin PBXResourcesBuildPhase section */
		1F9F9BA92CCFB88000251B16 /* Resources */ = {
			isa = PBXResourcesBuildPhase;
			buildActionMask = 2147483647;
			files = (
				1F9F9BB62CCFB88100251B16 /* Preview Assets.xcassets in Resources */,
				1F9F9BB32CCFB88100251B16 /* Assets.xcassets in Resources */,
			);
			runOnlyForDeploymentPostprocessing = 0;
		};
		1F9F9BBE2CCFB9BC00251B16 /* Resources */ = {
			isa = PBXResourcesBuildPhase;
			buildActionMask = 2147483647;
			files = (
			);
			runOnlyForDeploymentPostprocessing = 0;
		};
		1F9F9BD12CD11D0C00251B16 /* Resources */ = {
			isa = PBXResourcesBuildPhase;
			buildActionMask = 2147483647;
			files = (
			);
			runOnlyForDeploymentPostprocessing = 0;
		};
/* End PBXResourcesBuildPhase section */

/* Begin PBXSourcesBuildPhase section */
		1F9F9BA72CCFB88000251B16 /* Sources */ = {
			isa = PBXSourcesBuildPhase;
			buildActionMask = 2147483647;
			files = (
				1F9F9BCB2CCFBB4100251B16 /* TipCalculator.swift in Sources */,
				1F9F9BB12CCFB88000251B16 /* ContentView.swift in Sources */,
				1F9F9BAF2CCFB88000251B16 /* SwiftUI_TDD_StudyApp.swift in Sources */,
			);
			runOnlyForDeploymentPostprocessing = 0;
		};
		1F9F9BBC2CCFB9BC00251B16 /* Sources */ = {
			isa = PBXSourcesBuildPhase;
			buildActionMask = 2147483647;
			files = (
				1F9F9BC32CCFB9BC00251B16 /* Unit_Test.swift in Sources */,
				1F9F9BCC2CCFBB4C00251B16 /* TipCalculator.swift in Sources */,
			);
			runOnlyForDeploymentPostprocessing = 0;
		};
		1F9F9BCF2CD11D0C00251B16 /* Sources */ = {
			isa = PBXSourcesBuildPhase;
			buildActionMask = 2147483647;
			files = (
				1F9F9BD82CD11D0C00251B16 /* ui_testsLaunchTests.swift in Sources */,
				1F9F9BD62CD11D0C00251B16 /* ui_tests.swift in Sources */,
			);
			runOnlyForDeploymentPostprocessing = 0;
		};
/* End PBXSourcesBuildPhase section */

/* Begin PBXTargetDependency section */
		1F9F9BC52CCFB9BC00251B16 /* PBXTargetDependency */ = {
			isa = PBXTargetDependency;
			target = 1F9F9BAA2CCFB88000251B16 /* SwiftUI-TDD-Study */;
			targetProxy = 1F9F9BC42CCFB9BC00251B16 /* PBXContainerItemProxy */;
		};
		1F9F9BDA2CD11D0C00251B16 /* PBXTargetDependency */ = {
			isa = PBXTargetDependency;
			target = 1F9F9BAA2CCFB88000251B16 /* SwiftUI-TDD-Study */;
			targetProxy = 1F9F9BD92CD11D0C00251B16 /* PBXContainerItemProxy */;
		};
/* End PBXTargetDependency section */

/* Begin XCBuildConfiguration section */
		1F9F9BB72CCFB88100251B16 /* Debug */ = {
			isa = XCBuildConfiguration;
			buildSettings = {
				ALWAYS_SEARCH_USER_PATHS = NO;
				ASSETCATALOG_COMPILER_GENERATE_SWIFT_ASSET_SYMBOL_EXTENSIONS = YES;
				CLANG_ANALYZER_NONNULL = YES;
				CLANG_ANALYZER_NUMBER_OBJECT_CONVERSION = YES_AGGRESSIVE;
				CLANG_CXX_LANGUAGE_STANDARD = "gnu++20";
				CLANG_ENABLE_MODULES = YES;
				CLANG_ENABLE_OBJC_ARC = YES;
				CLANG_ENABLE_OBJC_WEAK = YES;
				CLANG_WARN_BLOCK_CAPTURE_AUTORELEASING = YES;
				CLANG_WARN_BOOL_CONVERSION = YES;
				CLANG_WARN_COMMA = YES;
				CLANG_WARN_CONSTANT_CONVERSION = YES;
				CLANG_WARN_DEPRECATED_OBJC_IMPLEMENTATIONS = YES;
				CLANG_WARN_DIRECT_OBJC_ISA_USAGE = YES_ERROR;
				CLANG_WARN_DOCUMENTATION_COMMENTS = YES;
				CLANG_WARN_EMPTY_BODY = YES;
				CLANG_WARN_ENUM_CONVERSION = YES;
				CLANG_WARN_INFINITE_RECURSION = YES;
				CLANG_WARN_INT_CONVERSION = YES;
				CLANG_WARN_NON_LITERAL_NULL_CONVERSION = YES;
				CLANG_WARN_OBJC_IMPLICIT_RETAIN_SELF = YES;
				CLANG_WARN_OBJC_LITERAL_CONVERSION = YES;
				CLANG_WARN_OBJC_ROOT_CLASS = YES_ERROR;
				CLANG_WARN_QUOTED_INCLUDE_IN_FRAMEWORK_HEADER = YES;
				CLANG_WARN_RANGE_LOOP_ANALYSIS = YES;
				CLANG_WARN_STRICT_PROTOTYPES = YES;
				CLANG_WARN_SUSPICIOUS_MOVE = YES;
				CLANG_WARN_UNGUARDED_AVAILABILITY = YES_AGGRESSIVE;
				CLANG_WARN_UNREACHABLE_CODE = YES;
				CLANG_WARN__DUPLICATE_METHOD_MATCH = YES;
				COPY_PHASE_STRIP = NO;
				DEBUG_INFORMATION_FORMAT = dwarf;
				ENABLE_STRICT_OBJC_MSGSEND = YES;
				ENABLE_TESTABILITY = YES;
				ENABLE_USER_SCRIPT_SANDBOXING = YES;
				GCC_C_LANGUAGE_STANDARD = gnu17;
				GCC_DYNAMIC_NO_PIC = NO;
				GCC_NO_COMMON_BLOCKS = YES;
				GCC_OPTIMIZATION_LEVEL = 0;
				GCC_PREPROCESSOR_DEFINITIONS = (
					"DEBUG=1",
					"$(inherited)",
				);
				GCC_WARN_64_TO_32_BIT_CONVERSION = YES;
				GCC_WARN_ABOUT_RETURN_TYPE = YES_ERROR;
				GCC_WARN_UNDECLARED_SELECTOR = YES;
				GCC_WARN_UNINITIALIZED_AUTOS = YES_AGGRESSIVE;
				GCC_WARN_UNUSED_FUNCTION = YES;
				GCC_WARN_UNUSED_VARIABLE = YES;
				IPHONEOS_DEPLOYMENT_TARGET = 17.5;
				LOCALIZATION_PREFERS_STRING_CATALOGS = YES;
				MTL_ENABLE_DEBUG_INFO = INCLUDE_SOURCE;
				MTL_FAST_MATH = YES;
				ONLY_ACTIVE_ARCH = YES;
				SDKROOT = iphoneos;
				SWIFT_ACTIVE_COMPILATION_CONDITIONS = "DEBUG $(inherited)";
				SWIFT_OPTIMIZATION_LEVEL = "-Onone";
			};
			name = Debug;
		};
		1F9F9BB82CCFB88100251B16 /* Release */ = {
			isa = XCBuildConfiguration;
			buildSettings = {
				ALWAYS_SEARCH_USER_PATHS = NO;
				ASSETCATALOG_COMPILER_GENERATE_SWIFT_ASSET_SYMBOL_EXTENSIONS = YES;
				CLANG_ANALYZER_NONNULL = YES;
				CLANG_ANALYZER_NUMBER_OBJECT_CONVERSION = YES_AGGRESSIVE;
				CLANG_CXX_LANGUAGE_STANDARD = "gnu++20";
				CLANG_ENABLE_MODULES = YES;
				CLANG_ENABLE_OBJC_ARC = YES;
				CLANG_ENABLE_OBJC_WEAK = YES;
				CLANG_WARN_BLOCK_CAPTURE_AUTORELEASING = YES;
				CLANG_WARN_BOOL_CONVERSION = YES;
				CLANG_WARN_COMMA = YES;
				CLANG_WARN_CONSTANT_CONVERSION = YES;
				CLANG_WARN_DEPRECATED_OBJC_IMPLEMENTATIONS = YES;
				CLANG_WARN_DIRECT_OBJC_ISA_USAGE = YES_ERROR;
				CLANG_WARN_DOCUMENTATION_COMMENTS = YES;
				CLANG_WARN_EMPTY_BODY = YES;
				CLANG_WARN_ENUM_CONVERSION = YES;
				CLANG_WARN_INFINITE_RECURSION = YES;
				CLANG_WARN_INT_CONVERSION = YES;
				CLANG_WARN_NON_LITERAL_NULL_CONVERSION = YES;
				CLANG_WARN_OBJC_IMPLICIT_RETAIN_SELF = YES;
				CLANG_WARN_OBJC_LITERAL_CONVERSION = YES;
				CLANG_WARN_OBJC_ROOT_CLASS = YES_ERROR;
				CLANG_WARN_QUOTED_INCLUDE_IN_FRAMEWORK_HEADER = YES;
				CLANG_WARN_RANGE_LOOP_ANALYSIS = YES;
				CLANG_WARN_STRICT_PROTOTYPES = YES;
				CLANG_WARN_SUSPICIOUS_MOVE = YES;
				CLANG_WARN_UNGUARDED_AVAILABILITY = YES_AGGRESSIVE;
				CLANG_WARN_UNREACHABLE_CODE = YES;
				CLANG_WARN__DUPLICATE_METHOD_MATCH = YES;
				COPY_PHASE_STRIP = NO;
				DEBUG_INFORMATION_FORMAT = "dwarf-with-dsym";
				ENABLE_NS_ASSERTIONS = NO;
				ENABLE_STRICT_OBJC_MSGSEND = YES;
				ENABLE_USER_SCRIPT_SANDBOXING = YES;
				GCC_C_LANGUAGE_STANDARD = gnu17;
				GCC_NO_COMMON_BLOCKS = YES;
				GCC_WARN_64_TO_32_BIT_CONVERSION = YES;
				GCC_WARN_ABOUT_RETURN_TYPE = YES_ERROR;
				GCC_WARN_UNDECLARED_SELECTOR = YES;
				GCC_WARN_UNINITIALIZED_AUTOS = YES_AGGRESSIVE;
				GCC_WARN_UNUSED_FUNCTION = YES;
				GCC_WARN_UNUSED_VARIABLE = YES;
				IPHONEOS_DEPLOYMENT_TARGET = 17.5;
				LOCALIZATION_PREFERS_STRING_CATALOGS = YES;
				MTL_ENABLE_DEBUG_INFO = NO;
				MTL_FAST_MATH = YES;
				SDKROOT = iphoneos;
				SWIFT_COMPILATION_MODE = wholemodule;
				VALIDATE_PRODUCT = YES;
			};
			name = Release;
		};
		1F9F9BBA2CCFB88100251B16 /* Debug */ = {
			isa = XCBuildConfiguration;
			buildSettings = {
				ASSETCATALOG_COMPILER_APPICON_NAME = AppIcon;
				ASSETCATALOG_COMPILER_GLOBAL_ACCENT_COLOR_NAME = AccentColor;
				CODE_SIGN_STYLE = Automatic;
				CURRENT_PROJECT_VERSION = 1;
				DEVELOPMENT_ASSET_PATHS = "\"SwiftUI-TDD-Study/Preview Content\"";
				DEVELOPMENT_TEAM = SLJSFTZPUZ;
				ENABLE_PREVIEWS = YES;
				GENERATE_INFOPLIST_FILE = YES;
				INFOPLIST_KEY_UIApplicationSceneManifest_Generation = YES;
				INFOPLIST_KEY_UIApplicationSupportsIndirectInputEvents = YES;
				INFOPLIST_KEY_UILaunchScreen_Generation = YES;
				INFOPLIST_KEY_UISupportedInterfaceOrientations_iPad = "UIInterfaceOrientationPortrait UIInterfaceOrientationPortraitUpsideDown UIInterfaceOrientationLandscapeLeft UIInterfaceOrientationLandscapeRight";
				INFOPLIST_KEY_UISupportedInterfaceOrientations_iPhone = "UIInterfaceOrientationPortrait UIInterfaceOrientationLandscapeLeft UIInterfaceOrientationLandscapeRight";
				LD_RUNPATH_SEARCH_PATHS = (
					"$(inherited)",
					"@executable_path/Frameworks",
				);
				MARKETING_VERSION = 1.0;
				PRODUCT_BUNDLE_IDENTIFIER = "com.pendant-k.SwiftUI-TDD-Study";
				PRODUCT_NAME = "$(TARGET_NAME)";
				SWIFT_EMIT_LOC_STRINGS = YES;
				SWIFT_VERSION = 5.0;
				TARGETED_DEVICE_FAMILY = "1,2";
			};
			name = Debug;
		};
		1F9F9BBB2CCFB88100251B16 /* Release */ = {
			isa = XCBuildConfiguration;
			buildSettings = {
				ASSETCATALOG_COMPILER_APPICON_NAME = AppIcon;
				ASSETCATALOG_COMPILER_GLOBAL_ACCENT_COLOR_NAME = AccentColor;
				CODE_SIGN_STYLE = Automatic;
				CURRENT_PROJECT_VERSION = 1;
				DEVELOPMENT_ASSET_PATHS = "\"SwiftUI-TDD-Study/Preview Content\"";
				DEVELOPMENT_TEAM = SLJSFTZPUZ;
				ENABLE_PREVIEWS = YES;
				GENERATE_INFOPLIST_FILE = YES;
				INFOPLIST_KEY_UIApplicationSceneManifest_Generation = YES;
				INFOPLIST_KEY_UIApplicationSupportsIndirectInputEvents = YES;
				INFOPLIST_KEY_UILaunchScreen_Generation = YES;
				INFOPLIST_KEY_UISupportedInterfaceOrientations_iPad = "UIInterfaceOrientationPortrait UIInterfaceOrientationPortraitUpsideDown UIInterfaceOrientationLandscapeLeft UIInterfaceOrientationLandscapeRight";
				INFOPLIST_KEY_UISupportedInterfaceOrientations_iPhone = "UIInterfaceOrientationPortrait UIInterfaceOrientationLandscapeLeft UIInterfaceOrientationLandscapeRight";
				LD_RUNPATH_SEARCH_PATHS = (
					"$(inherited)",
					"@executable_path/Frameworks",
				);
				MARKETING_VERSION = 1.0;
				PRODUCT_BUNDLE_IDENTIFIER = "com.pendant-k.SwiftUI-TDD-Study";
				PRODUCT_NAME = "$(TARGET_NAME)";
				SWIFT_EMIT_LOC_STRINGS = YES;
				SWIFT_VERSION = 5.0;
				TARGETED_DEVICE_FAMILY = "1,2";
			};
			name = Release;
		};
		1F9F9BC72CCFB9BC00251B16 /* Debug */ = {
			isa = XCBuildConfiguration;
			buildSettings = {
				BUNDLE_LOADER = "$(TEST_HOST)";
				CODE_SIGN_STYLE = Automatic;
				CURRENT_PROJECT_VERSION = 1;
				DEVELOPMENT_TEAM = SLJSFTZPUZ;
				GENERATE_INFOPLIST_FILE = YES;
				MARKETING_VERSION = 1.0;
				PRODUCT_BUNDLE_IDENTIFIER = "com.pendant-k.unit-test";
				PRODUCT_NAME = "$(TARGET_NAME)";
				SWIFT_EMIT_LOC_STRINGS = NO;
				SWIFT_VERSION = 5.0;
				TARGETED_DEVICE_FAMILY = "1,2";
				TEST_HOST = "$(BUILT_PRODUCTS_DIR)/SwiftUI-TDD-Study.app/$(BUNDLE_EXECUTABLE_FOLDER_PATH)/SwiftUI-TDD-Study";
			};
			name = Debug;
		};
		1F9F9BC82CCFB9BC00251B16 /* Release */ = {
			isa = XCBuildConfiguration;
			buildSettings = {
				BUNDLE_LOADER = "$(TEST_HOST)";
				CODE_SIGN_STYLE = Automatic;
				CURRENT_PROJECT_VERSION = 1;
				DEVELOPMENT_TEAM = SLJSFTZPUZ;
				GENERATE_INFOPLIST_FILE = YES;
				MARKETING_VERSION = 1.0;
				PRODUCT_BUNDLE_IDENTIFIER = "com.pendant-k.unit-test";
				PRODUCT_NAME = "$(TARGET_NAME)";
				SWIFT_EMIT_LOC_STRINGS = NO;
				SWIFT_VERSION = 5.0;
				TARGETED_DEVICE_FAMILY = "1,2";
				TEST_HOST = "$(BUILT_PRODUCTS_DIR)/SwiftUI-TDD-Study.app/$(BUNDLE_EXECUTABLE_FOLDER_PATH)/SwiftUI-TDD-Study";
			};
			name = Release;
		};
		1F9F9BDC2CD11D0C00251B16 /* Debug */ = {
			isa = XCBuildConfiguration;
			buildSettings = {
				CODE_SIGN_STYLE = Automatic;
				CURRENT_PROJECT_VERSION = 1;
				DEVELOPMENT_TEAM = SLJSFTZPUZ;
				GENERATE_INFOPLIST_FILE = YES;
				MARKETING_VERSION = 1.0;
				PRODUCT_BUNDLE_IDENTIFIER = "com.pendant-k.ui-tests";
				PRODUCT_NAME = "$(TARGET_NAME)";
				SWIFT_EMIT_LOC_STRINGS = NO;
				SWIFT_VERSION = 5.0;
				TARGETED_DEVICE_FAMILY = "1,2";
				TEST_TARGET_NAME = "SwiftUI-TDD-Study";
			};
			name = Debug;
		};
		1F9F9BDD2CD11D0C00251B16 /* Release */ = {
			isa = XCBuildConfiguration;
			buildSettings = {
				CODE_SIGN_STYLE = Automatic;
				CURRENT_PROJECT_VERSION = 1;
				DEVELOPMENT_TEAM = SLJSFTZPUZ;
				GENERATE_INFOPLIST_FILE = YES;
				MARKETING_VERSION = 1.0;
				PRODUCT_BUNDLE_IDENTIFIER = "com.pendant-k.ui-tests";
				PRODUCT_NAME = "$(TARGET_NAME)";
				SWIFT_EMIT_LOC_STRINGS = NO;
				SWIFT_VERSION = 5.0;
				TARGETED_DEVICE_FAMILY = "1,2";
				TEST_TARGET_NAME = "SwiftUI-TDD-Study";
			};
			name = Release;
		};
/* End XCBuildConfiguration section */

/* Begin XCConfigurationList section */
		1F9F9BA62CCFB88000251B16 /* Build configuration list for PBXProject "SwiftUI-TDD-Study" */ = {
			isa = XCConfigurationList;
			buildConfigurations = (
				1F9F9BB72CCFB88100251B16 /* Debug */,
				1F9F9BB82CCFB88100251B16 /* Release */,
			);
			defaultConfigurationIsVisible = 0;
			defaultConfigurationName = Release;
		};
		1F9F9BB92CCFB88100251B16 /* Build configuration list for PBXNativeTarget "SwiftUI-TDD-Study" */ = {
			isa = XCConfigurationList;
			buildConfigurations = (
				1F9F9BBA2CCFB88100251B16 /* Debug */,
				1F9F9BBB2CCFB88100251B16 /* Release */,
			);
			defaultConfigurationIsVisible = 0;
			defaultConfigurationName = Release;
		};
		1F9F9BC62CCFB9BC00251B16 /* Build configuration list for PBXNativeTarget "unit-test" */ = {
			isa = XCConfigurationList;
			buildConfigurations = (
				1F9F9BC72CCFB9BC00251B16 /* Debug */,
				1F9F9BC82CCFB9BC00251B16 /* Release */,
			);
			defaultConfigurationIsVisible = 0;
			defaultConfigurationName = Release;
		};
		1F9F9BDB2CD11D0C00251B16 /* Build configuration list for PBXNativeTarget "ui-tests" */ = {
			isa = XCConfigurationList;
			buildConfigurations = (
				1F9F9BDC2CD11D0C00251B16 /* Debug */,
				1F9F9BDD2CD11D0C00251B16 /* Release */,
			);
			defaultConfigurationIsVisible = 0;
			defaultConfigurationName = Release;
		};
/* End XCConfigurationList section */
	};
	rootObject = 1F9F9BA32CCFB88000251B16 /* Project object */;
}
